# generated by rye
# use `rye lock` or `rye sync` to update this lockfile
#
# last locked with the following flags:
#   pre: false
#   features: []
#   all-features: false
#   with-sources: false
#   generate-hashes: false

-e file:.
attrs==23.2.0
    # via covimerage
click==7.0
    # via covimerage
coverage==4.5.4
    # via covimerage
covimerage==0.2.2
